# This file is automatically @generated by Cargo.
# It is not intended for manual editing.
version = 3

[[package]]
name = "ab_glyph_rasterizer"
version = "0.1.8"
source = "registry+https://github.com/rust-lang/crates.io-index"
checksum = "c71b1793ee61086797f5c80b6efa2b8ffa6d5dd703f118545808a7f2e27f7046"

[[package]]
name = "autocfg"
version = "0.1.8"
source = "registry+https://github.com/rust-lang/crates.io-index"
checksum = "0dde43e75fd43e8a1bf86103336bc699aa8d17ad1be60c76c0bdfd4828e19b78"
dependencies = [
 "autocfg 1.1.0",
]

[[package]]
name = "autocfg"
version = "1.1.0"
source = "registry+https://github.com/rust-lang/crates.io-index"
checksum = "d468802bab17cbc0cc575e9b053f41e72aa36bfa6b7f55e3529ffa43161b97fa"

[[package]]
name = "bitflags"
version = "1.3.2"
source = "registry+https://github.com/rust-lang/crates.io-index"
checksum = "bef38d45163c2f1dde094a7dfd33ccf595c92905c8f8f4fdc18d06fb1037718a"

[[package]]
name = "bitflags"
version = "2.4.2"
source = "registry+https://github.com/rust-lang/crates.io-index"
checksum = "ed570934406eb16438a4e976b1b4500774099c13b8cb96eec99f620f05090ddf"

[[package]]
name = "bytemuck"
version = "1.14.1"
source = "registry+https://github.com/rust-lang/crates.io-index"
checksum = "ed2490600f404f2b94c167e31d3ed1d5f3c225a0f3b80230053b3e0b7b962bd9"

[[package]]
name = "cloudabi"
version = "0.0.3"
source = "registry+https://github.com/rust-lang/crates.io-index"
checksum = "ddfc5b9aa5d4507acaf872de71051dfd0e309860e88966e1051e462a077aac4f"
dependencies = [
 "bitflags 1.3.2",
]

[[package]]
name = "fuchsia-cprng"
version = "0.1.1"
source = "registry+https://github.com/rust-lang/crates.io-index"
checksum = "a06f77d526c1a601b7c4cdd98f54b5eaabffc14d5f2f0296febdc7f357c6d3ba"

[[package]]
name = "libc"
version = "0.2.153"
source = "registry+https://github.com/rust-lang/crates.io-index"
checksum = "9c198f91728a82281a64e1f4f9eeb25d82cb32a5de251c6bd1b5154d63a8e7bd"

[[package]]
name = "makepad-derive-live"
version = "0.4.0"
dependencies = [
 "makepad-live-id",
 "makepad-micro-proc-macro",
]

[[package]]
name = "makepad-derive-wasm-bridge"
version = "0.4.0"
dependencies = [
 "makepad-micro-proc-macro",
]

[[package]]
name = "makepad-derive-widget"
version = "0.4.0"
dependencies = [
 "makepad-live-id",
 "makepad-micro-proc-macro",
]

[[package]]
name = "makepad-draw"
version = "0.6.0"
dependencies = [
 "ab_glyph_rasterizer",
 "makepad-platform",
 "makepad-vector",
 "rustybuzz",
 "sdfer",
 "unicode-bidi",
]

[[package]]
name = "makepad-futures"
version = "0.4.0"

[[package]]
name = "makepad-futures-legacy"
version = "0.7.0"

[[package]]
name = "makepad-http"
version = "0.4.0"

[[package]]
name = "makepad-live-compiler"
version = "0.5.0"
dependencies = [
 "makepad-derive-live",
 "makepad-live-tokenizer",
 "makepad-math",
]

[[package]]
name = "makepad-live-id"
version = "0.4.0"
dependencies = [
 "makepad-live-id-macros",
]

[[package]]
name = "makepad-live-id-macros"
version = "0.4.0"
dependencies = [
 "makepad-micro-proc-macro",
]

[[package]]
name = "makepad-live-tokenizer"
version = "0.4.0"
dependencies = [
 "makepad-live-id",
 "makepad-math",
 "makepad-micro-serde",
]

[[package]]
name = "makepad-math"
version = "0.4.0"

[[package]]
name = "makepad-micro-proc-macro"
version = "0.4.0"

[[package]]
name = "makepad-micro-serde"
version = "0.4.0"
dependencies = [
 "makepad-micro-serde-derive",
]

[[package]]
name = "makepad-micro-serde-derive"
version = "0.4.0"
dependencies = [
 "makepad-micro-proc-macro",
]

[[package]]
name = "makepad-objc-sys"
version = "0.4.0"

[[package]]
name = "makepad-platform"
version = "0.6.0"
dependencies = [
 "makepad-futures",
 "makepad-futures-legacy",
 "makepad-http",
 "makepad-objc-sys",
 "makepad-shader-compiler",
 "makepad-wasm-bridge",
 "makepad-windows",
 "windows-targets",
]

[[package]]
name = "makepad-shader-compiler"
version = "0.5.0"
dependencies = [
 "makepad-live-compiler",
]

[[package]]
name = "makepad-vector"
version = "0.4.0"
dependencies = [
 "ttf-parser",
]

[[package]]
name = "makepad-wasm-bridge"
version = "0.4.0"
dependencies = [
 "makepad-derive-wasm-bridge",
 "makepad-live-id",
]

[[package]]
name = "makepad-widgets"
version = "0.6.0"
dependencies = [
 "makepad-derive-widget",
 "makepad-draw",
 "makepad-zune-jpeg",
 "makepad-zune-png",
]

[[package]]
name = "makepad-windows"
version = "0.51.1"
dependencies = [
 "windows-core",
 "windows-targets",
]

[[package]]
name = "makepad-zune-core"
version = "0.2.14"
dependencies = [
 "bitflags 2.4.2",
]

[[package]]
name = "makepad-zune-inflate"
version = "0.2.54"
dependencies = [
 "simd-adler32",
]

[[package]]
name = "makepad-zune-jpeg"
version = "0.3.17"
dependencies = [
 "makepad-zune-core",
]

[[package]]
name = "makepad-zune-png"
version = "0.2.1"
dependencies = [
 "makepad-zune-core",
 "makepad-zune-inflate",
]

[[package]]
name = "moxin"
version = "0.1.0"
dependencies = [
 "makepad-widgets",
 "rand",
]

[[package]]
name = "rand"
version = "0.6.5"
source = "registry+https://github.com/rust-lang/crates.io-index"
checksum = "6d71dacdc3c88c1fde3885a3be3fbab9f35724e6ce99467f7d9c5026132184ca"
dependencies = [
 "autocfg 0.1.8",
 "libc",
 "rand_chacha",
 "rand_core 0.4.2",
 "rand_hc",
 "rand_isaac",
 "rand_jitter",
 "rand_os",
 "rand_pcg",
 "rand_xorshift",
 "winapi",
]

[[package]]
name = "rand_chacha"
version = "0.1.1"
source = "registry+https://github.com/rust-lang/crates.io-index"
checksum = "556d3a1ca6600bfcbab7c7c91ccb085ac7fbbcd70e008a98742e7847f4f7bcef"
dependencies = [
 "autocfg 0.1.8",
 "rand_core 0.3.1",
]

[[package]]
name = "rand_core"
version = "0.3.1"
source = "registry+https://github.com/rust-lang/crates.io-index"
checksum = "7a6fdeb83b075e8266dcc8762c22776f6877a63111121f5f8c7411e5be7eed4b"
dependencies = [
 "rand_core 0.4.2",
]

[[package]]
name = "rand_core"
version = "0.4.2"
source = "registry+https://github.com/rust-lang/crates.io-index"
checksum = "9c33a3c44ca05fa6f1807d8e6743f3824e8509beca625669633be0acbdf509dc"

[[package]]
name = "rand_hc"
version = "0.1.0"
source = "registry+https://github.com/rust-lang/crates.io-index"
checksum = "7b40677c7be09ae76218dc623efbf7b18e34bced3f38883af07bb75630a21bc4"
dependencies = [
 "rand_core 0.3.1",
]

[[package]]
name = "rand_isaac"
version = "0.1.1"
source = "registry+https://github.com/rust-lang/crates.io-index"
checksum = "ded997c9d5f13925be2a6fd7e66bf1872597f759fd9dd93513dd7e92e5a5ee08"
dependencies = [
 "rand_core 0.3.1",
]

[[package]]
name = "rand_jitter"
version = "0.1.4"
source = "registry+https://github.com/rust-lang/crates.io-index"
checksum = "1166d5c91dc97b88d1decc3285bb0a99ed84b05cfd0bc2341bdf2d43fc41e39b"
dependencies = [
 "libc",
 "rand_core 0.4.2",
 "winapi",
]

[[package]]
name = "rand_os"
version = "0.1.3"
source = "registry+https://github.com/rust-lang/crates.io-index"
checksum = "7b75f676a1e053fc562eafbb47838d67c84801e38fc1ba459e8f180deabd5071"
dependencies = [
 "cloudabi",
 "fuchsia-cprng",
 "libc",
 "rand_core 0.4.2",
 "rdrand",
 "winapi",
]

[[package]]
name = "rand_pcg"
version = "0.1.2"
source = "registry+https://github.com/rust-lang/crates.io-index"
checksum = "abf9b09b01790cfe0364f52bf32995ea3c39f4d2dd011eac241d2914146d0b44"
dependencies = [
 "autocfg 0.1.8",
 "rand_core 0.4.2",
]

[[package]]
name = "rand_xorshift"
version = "0.1.1"
source = "registry+https://github.com/rust-lang/crates.io-index"
checksum = "cbf7e9e623549b0e21f6e97cf8ecf247c1a8fd2e8a992ae265314300b2455d5c"
dependencies = [
 "rand_core 0.3.1",
]

[[package]]
name = "rdrand"
version = "0.4.0"
source = "registry+https://github.com/rust-lang/crates.io-index"
checksum = "678054eb77286b51581ba43620cc911abf02758c91f93f479767aed0f90458b2"
dependencies = [
 "rand_core 0.3.1",
]

[[package]]
name = "rustybuzz"
version = "0.8.0"
source = "git+https://github.com/RazrFalcon/rustybuzz?rev=a0b8aa3#a0b8aa3ed002550cfea1137655d9ab7569964ae5"
dependencies = [
 "bitflags 1.3.2",
 "bytemuck",
 "smallvec",
 "ttf-parser",
 "unicode-bidi-mirroring",
 "unicode-ccc",
 "unicode-properties",
 "unicode-script",
]

[[package]]
name = "sdfer"
version = "0.2.1"
source = "registry+https://github.com/rust-lang/crates.io-index"
checksum = "27fd75ebc7c721a70d202c7cdd2beb108bbe5dfaaea68e06aff4de2f4cc240ed"

[[package]]
name = "simd-adler32"
version = "0.3.7"
source = "registry+https://github.com/rust-lang/crates.io-index"
checksum = "d66dc143e6b11c1eddc06d5c423cfc97062865baf299914ab64caa38182078fe"

[[package]]
name = "smallvec"
version = "1.13.1"
source = "registry+https://github.com/rust-lang/crates.io-index"
checksum = "e6ecd384b10a64542d77071bd64bd7b231f4ed5940fba55e98c3de13824cf3d7"

[[package]]
name = "ttf-parser"
version = "0.19.2"
source = "registry+https://github.com/rust-lang/crates.io-index"
checksum = "49d64318d8311fc2668e48b63969f4343e0a85c4a109aa8460d6672e364b8bd1"

[[package]]
name = "unicode-bidi"
version = "0.3.15"
source = "registry+https://github.com/rust-lang/crates.io-index"
checksum = "08f95100a766bf4f8f28f90d77e0a5461bbdb219042e7679bebe79004fed8d75"

[[package]]
name = "unicode-bidi-mirroring"
version = "0.1.0"
source = "registry+https://github.com/rust-lang/crates.io-index"
checksum = "56d12260fb92d52f9008be7e4bca09f584780eb2266dc8fecc6a192bec561694"

[[package]]
name = "unicode-ccc"
version = "0.1.2"
source = "registry+https://github.com/rust-lang/crates.io-index"
checksum = "cc2520efa644f8268dce4dcd3050eaa7fc044fca03961e9998ac7e2e92b77cf1"

[[package]]
name = "unicode-properties"
version = "0.1.1"
source = "registry+https://github.com/rust-lang/crates.io-index"
checksum = "e4259d9d4425d9f0661581b804cb85fe66a4c631cadd8f490d1c13a35d5d9291"

[[package]]
name = "unicode-script"
version = "0.5.5"
source = "registry+https://github.com/rust-lang/crates.io-index"
checksum = "7d817255e1bed6dfd4ca47258685d14d2bdcfbc64fdc9e3819bd5848057b8ecc"

[[package]]
name = "winapi"
version = "0.3.9"
source = "registry+https://github.com/rust-lang/crates.io-index"
checksum = "5c839a674fcd7a98952e593242ea400abe93992746761e38641405d28b00f419"
dependencies = [
 "winapi-i686-pc-windows-gnu",
 "winapi-x86_64-pc-windows-gnu",
]

[[package]]
name = "winapi-i686-pc-windows-gnu"
version = "0.4.0"
source = "registry+https://github.com/rust-lang/crates.io-index"
checksum = "ac3b87c63620426dd9b991e5ce0329eff545bccbbb34f3be09ff6fb6ab51b7b6"

[[package]]
name = "winapi-x86_64-pc-windows-gnu"
version = "0.4.0"
source = "registry+https://github.com/rust-lang/crates.io-index"
checksum = "712e227841d057c1ee1cd2fb22fa7e5a5461ae8e48fa2ca79ec42cfc1931183f"

[[package]]
name = "windows-core"
version = "0.51.1"
dependencies = [
 "windows-targets",
]

[[package]]
name = "windows-targets"
version = "0.48.5"
source = "registry+https://github.com/rust-lang/crates.io-index"
checksum = "9a2fa6e2155d7247be68c096456083145c183cbbbc2764150dda45a87197940c"
dependencies = [
 "windows_aarch64_gnullvm",
 "windows_aarch64_msvc",
 "windows_i686_gnu",
 "windows_i686_msvc",
 "windows_x86_64_gnu",
 "windows_x86_64_gnullvm",
 "windows_x86_64_msvc",
]

[[package]]
name = "windows_aarch64_gnullvm"
version = "0.48.5"
source = "registry+https://github.com/rust-lang/crates.io-index"
checksum = "2b38e32f0abccf9987a4e3079dfb67dcd799fb61361e53e2882c3cbaf0d905d8"

[[package]]
name = "windows_aarch64_msvc"
version = "0.48.5"
source = "registry+https://github.com/rust-lang/crates.io-index"
checksum = "dc35310971f3b2dbbf3f0690a219f40e2d9afcf64f9ab7cc1be722937c26b4bc"

[[package]]
name = "windows_i686_gnu"
version = "0.48.5"
source = "registry+https://github.com/rust-lang/crates.io-index"
checksum = "a75915e7def60c94dcef72200b9a8e58e5091744960da64ec734a6c6e9b3743e"

[[package]]
name = "windows_i686_msvc"
version = "0.48.5"
source = "registry+https://github.com/rust-lang/crates.io-index"
checksum = "8f55c233f70c4b27f66c523580f78f1004e8b5a8b659e05a4eb49d4166cca406"

[[package]]
name = "windows_x86_64_gnu"
version = "0.48.5"
source = "registry+https://github.com/rust-lang/crates.io-index"
checksum = "53d40abd2583d23e4718fddf1ebec84dbff8381c07cae67ff7768bbf19c6718e"

[[package]]
name = "windows_x86_64_gnullvm"
version = "0.48.5"
source = "registry+https://github.com/rust-lang/crates.io-index"
checksum = "0b7b52767868a23d5bab768e390dc5f5c55825b6d30b86c844ff2dc7414044cc"

[[package]]
name = "windows_x86_64_msvc"
version = "0.48.5"
source = "registry+https://github.com/rust-lang/crates.io-index"
checksum = "ed94fce61571a4006852b7389a063ab983c02eb1bb37b47f8272ce92d06d9538"
